
Microsoft Visual Studio Solution File, Format Version 12.00
# Visual Studio 15
VisualStudioVersion = 15.0.26730.12
MinimumVisualStudioVersion = 10.0.40219.1
Project("{FAE04EC0-301F-11D3-BF4B-00C04F79EFBC}") = "Queues", "Queues\Queues.csproj", "{461830F5-BF0C-482E-AE63-740A9A0AE772}"
EndProject
Global
	GlobalSection(SolutionConfigurationPlatforms) = preSolution
		Debug|Any CPU = Debug|Any CPU
		Release|Any CPU = Release|Any CPU
	EndGlobalSection
	GlobalSection(ProjectConfigurationPlatforms) = postSolution
		{461830F5-BF0C-482E-AE63-740A9A0AE772}.Debug|Any CPU.ActiveCfg = Debug|Any CPU
		{461830F5-BF0C-482E-AE63-740A9A0AE772}.Debug|Any CPU.Build.0 = Debug|Any CPU
		{461830F5-BF0C-482E-AE63-740A9A0AE772}.Release|Any CPU.ActiveCfg = Release|Any CPU
		{461830F5-BF0C-482E-AE63-740A9A0AE772}.Release|Any CPU.Build.0 = Release|Any CPU
	EndGlobalSection
	GlobalSection(SolutionProperties) = preSolution
		HideSolutionNode = FALSE
	EndGlobalSection
	GlobalSection(ExtensibilityGlobals) = postSolution
		SolutionGuid = {5B0BE8A3-8B3E-4B1B-9547-CD01DA7C9FE9}
	EndGlobalSection
EndGlobal
